FORGE
  remote: http://forge.puppetlabs.com
  specs:
    puppetlabs/stdlib (4.1.0)

GIT
  remote: git://github.com/camptocamp/puppet-augeas.git
  ref: 1afd076a152f43645c91b1e2bab15fda7498055c
  sha: 1afd076a152f43645c91b1e2bab15fda7498055c
  specs:
    augeas (0.0.1)

GIT
  remote: git://github.com/hercules-team/augeasproviders.git
  ref: be18e2ee3803bfe39dced1fa9113b4e87139e857
  sha: be18e2ee3803bfe39dced1fa9113b4e87139e857
  specs:
    augeasproviders (1.0.2)

GIT
  remote: git://github.com/puppetlabs/puppetlabs-apt.git
  ref: e01bbb61b294be1358b147e8de4966d5f4c6efda
  sha: e01bbb61b294be1358b147e8de4966d5f4c6efda
  specs:
    apt (1.1.0)
      puppetlabs/stdlib (>= 2.2.1)

GIT
  remote: git://github.com/puppetlabs/puppetlabs-firewall.git
  ref: 31b45bf88129870e4e028847e5a8955130f68e32
  sha: 31b45bf88129870e4e028847e5a8955130f68e32
  specs:
    firewall (0.0.4)

GIT
  remote: git://github.com/puppetlabs/puppetlabs-stdlib.git
  ref: 4d24bd33b038aaf261342641e14fdced1371fe8d
  sha: 4d24bd33b038aaf261342641e14fdced1371fe8d
  specs:
    stdlib (3.2.0)

GIT
  remote: http://gerrit.atolcd.priv/atolcd/puppet-download_file.git
  ref: e4e4144447ee8ad54d6a1e359535b3586a727d47
  sha: e4e4144447ee8ad54d6a1e359535b3586a727d47
  specs:
    download_file (0.0.1)

GIT
  remote: http://gerrit.atolcd.priv/atolcd/puppet-modules/fluentd.git
  ref: 1d28c2c3fc7df014f4fa8c6296b03ff4a713d69c
  sha: 1d28c2c3fc7df014f4fa8c6296b03ff4a713d69c
  specs:
    fluentd (0.1.0)

GIT
  remote: http://gerrit.atolcd.priv/atolcd/puppet-modules/java.git
  ref: d21ee3ed43a8de0cf7c627f92c5b5859d54d12c4
  sha: d21ee3ed43a8de0cf7c627f92c5b5859d54d12c4
  specs:
    java (0.0.1)

GIT
  remote: http://gerrit.atolcd.priv/atolcd/puppet-modules/ntp.git
  ref: a00b999bc610d93caa9c496d00a22888e9e682ba
  sha: a00b999bc610d93caa9c496d00a22888e9e682ba
  specs:
    ntp (0.0.1)

GIT
  remote: http://gerrit.atolcd.priv/atolcd/puppet-modules/puppet.git
  ref: 5245eb622af35b7a7624221e99bbcd48ceb82150
  sha: 5245eb622af35b7a7624221e99bbcd48ceb82150
  specs:
    puppet (0.0.1)

GIT
  remote: http://gerrit.atolcd.priv/atolcd/puppet-modules/ruby.git
  ref: e96f7889ce9d62007624d89dbdc89d74ddc57a39
  sha: e96f7889ce9d62007624d89dbdc89d74ddc57a39
  specs:
    ruby (0.0.1)

GIT
  remote: http://gerrit.atolcd.priv/atolcd/puppet-modules/snmpd.git
  ref: 49649c413dfa6b45ba87f86dbdb275d060a565b3
  sha: 49649c413dfa6b45ba87f86dbdb275d060a565b3
  specs:
    snmpd (0.0.1)

GIT
  remote: http://gerrit.atolcd.priv/atolcd/puppet-modules/system_tools.git
  ref: 61807b1d4410c760c78dca72c9013675ab4360f8
  sha: 61807b1d4410c760c78dca72c9013675ab4360f8
  specs:
    system_tools (0.0.1)

GIT
  remote: http://gerrit.atolcd.priv/atolcd/puppet-modules/timezone.git
  ref: b205ed592f9ae105bcd237425dc6d7b7d56d518b
  sha: b205ed592f9ae105bcd237425dc6d7b7d56d518b
  specs:
    timezone (0.0.1)

GIT
  remote: http://gerrit.atolcd.priv/atolcd/puppet-modules/xinetd.git
  ref: 97a342099bdba7958601f167fb43432b04735cdd
  sha: 97a342099bdba7958601f167fb43432b04735cdd
  specs:
    xinetd (0.0.1)

GIT
  remote: https://github.com/elasticsearch/puppet-elasticsearch.git
  ref: 0244c435e65d29eb3f5b800c38c55bc0a7eb384e
  sha: 0244c435e65d29eb3f5b800c38c55bc0a7eb384e
  specs:
    elasticsearch (0.2.0)
      puppetlabs/stdlib (>= 3.0.0)

DEPENDENCIES
  apt (>= 0)
  augeas (>= 0)
  augeasproviders (>= 0)
  download_file (>= 0)
  elasticsearch (>= 0)
  firewall (>= 0)
  fluentd (>= 0)
  java (>= 0)
  ntp (>= 0)
  puppet (>= 0)
  ruby (>= 0)
  snmpd (>= 0)
  stdlib (>= 0)
  system_tools (>= 0)
  timezone (>= 0)
  xinetd (>= 0)

